// !$*UTF8*$!
{
	archiveVersion = 1;
	classes = {
	};
	objectVersion = 55;
	objects = {

/* Begin PBXBuildFile section */
		0E88CBC3275A705100E899F5 /* AppDelegate.swift in Sources */ = {isa = PBXBuildFile; fileRef = 0E88CBC2275A705100E899F5 /* AppDelegate.swift */; };
		0E88CBC5275A705100E899F5 /* SceneDelegate.swift in Sources */ = {isa = PBXBuildFile; fileRef = 0E88CBC4275A705100E899F5 /* SceneDelegate.swift */; };
		0E88CBC7275A705100E899F5 /* ViewController.swift in Sources */ = {isa = PBXBuildFile; fileRef = 0E88CBC6275A705100E899F5 /* ViewController.swift */; };
		0E88CBCA275A705100E899F5 /* Main.storyboard in Resources */ = {isa = PBXBuildFile; fileRef = 0E88CBC8275A705100E899F5 /* Main.storyboard */; };
		0E88CBCC275A705600E899F5 /* Assets.xcassets in Resources */ = {isa = PBXBuildFile; fileRef = 0E88CBCB275A705600E899F5 /* Assets.xcassets */; };
		0E88CBCF275A705600E899F5 /* LaunchScreen.storyboard in Resources */ = {isa = PBXBuildFile; fileRef = 0E88CBCD275A705600E899F5 /* LaunchScreen.storyboard */; };
		0E88CBDA275A705600E899F5 /* hotdogTests.swift in Sources */ = {isa = PBXBuildFile; fileRef = 0E88CBD9275A705600E899F5 /* hotdogTests.swift */; };
		0E88CBE4275A705600E899F5 /* hotdogUITests.swift in Sources */ = {isa = PBXBuildFile; fileRef = 0E88CBE3275A705600E899F5 /* hotdogUITests.swift */; };
		0E88CBE6275A705600E899F5 /* hotdogUITestsLaunchTests.swift in Sources */ = {isa = PBXBuildFile; fileRef = 0E88CBE5275A705600E899F5 /* hotdogUITestsLaunchTests.swift */; };
/* End PBXBuildFile section */

/* Begin PBXContainerItemProxy section */
		0E88CBD6275A705600E899F5 /* PBXContainerItemProxy */ = {
			isa = PBXContainerItemProxy;
			containerPortal = 0E88CBB7275A705100E899F5 /* Project object */;
			proxyType = 1;
			remoteGlobalIDString = 0E88CBBE275A705100E899F5;
			remoteInfo = hotdog;
		};
		0E88CBE0275A705600E899F5 /* PBXContainerItemProxy */ = {
			isa = PBXContainerItemProxy;
			containerPortal = 0E88CBB7275A705100E899F5 /* Project object */;
			proxyType = 1;
			remoteGlobalIDString = 0E88CBBE275A705100E899F5;
			remoteInfo = hotdog;
		};
/* End PBXContainerItemProxy section */

/* Begin PBXFileReference section */
		0E88CBBF275A705100E899F5 /* hotdog.app */ = {isa = PBXFileReference; explicitFileType = wrapper.application; includeInIndex = 0; path = hotdog.app; sourceTree = BUILT_PRODUCTS_DIR; };
		0E88CBC2275A705100E899F5 /* AppDelegate.swift */ = {isa = PBXFileReference; lastKnownFileType = sourcecode.swift; path = AppDelegate.swift; sourceTree = "<group>"; };
		0E88CBC4275A705100E899F5 /* SceneDelegate.swift */ = {isa = PBXFileReference; lastKnownFileType = sourcecode.swift; path = SceneDelegate.swift; sourceTree = "<group>"; };
		0E88CBC6275A705100E899F5 /* ViewController.swift */ = {isa = PBXFileReference; lastKnownFileType = sourcecode.swift; path = ViewController.swift; sourceTree = "<group>"; };
		0E88CBC9275A705100E899F5 /* Base */ = {isa = PBXFileReference; lastKnownFileType = file.storyboard; name = Base; path = Base.lproj/Main.storyboard; sourceTree = "<group>"; };
		0E88CBCB275A705600E899F5 /* Assets.xcassets */ = {isa = PBXFileReference; lastKnownFileType = folder.assetcatalog; path = Assets.xcassets; sourceTree = "<group>"; };
		0E88CBCE275A705600E899F5 /* Base */ = {isa = PBXFileReference; lastKnownFileType = file.storyboard; name = Base; path = Base.lproj/LaunchScreen.storyboard; sourceTree = "<group>"; };
		0E88CBD0275A705600E899F5 /* Info.plist */ = {isa = PBXFileReference; lastKnownFileType = text.plist.xml; path = Info.plist; sourceTree = "<group>"; };
		0E88CBD5275A705600E899F5 /* hotdogTests.xctest */ = {isa = PBXFileReference; explicitFileType = wrapper.cfbundle; includeInIndex = 0; path = hotdogTests.xctest; sourceTree = BUILT_PRODUCTS_DIR; };
		0E88CBD9275A705600E899F5 /* hotdogTests.swift */ = {isa = PBXFileReference; lastKnownFileType = sourcecode.swift; path = hotdogTests.swift; sourceTree = "<group>"; };
		0E88CBDF275A705600E899F5 /* hotdogUITests.xctest */ = {isa = PBXFileReference; explicitFileType = wrapper.cfbundle; includeInIndex = 0; path = hotdogUITests.xctest; sourceTree = BUILT_PRODUCTS_DIR; };
		0E88CBE3275A705600E899F5 /* hotdogUITests.swift */ = {isa = PBXFileReference; lastKnownFileType = sourcecode.swift; path = hotdogUITests.swift; sourceTree = "<group>"; };
		0E88CBE5275A705600E899F5 /* hotdogUITestsLaunchTests.swift */ = {isa = PBXFileReference; lastKnownFileType = sourcecode.swift; path = hotdogUITestsLaunchTests.swift; sourceTree = "<group>"; };
/* End PBXFileReference section */

/* Begin PBXFrameworksBuildPhase section */
		0E88CBBC275A705100E899F5 /* Frameworks */ = {
			isa = PBXFrameworksBuildPhase;
			buildActionMask = 2147483647;
			files = (
			);
			runOnlyForDeploymentPostprocessing = 0;
		};
		0E88CBD2275A705600E899F5 /* Frameworks */ = {
			isa = PBXFrameworksBuildPhase;
			buildActionMask = 2147483647;
			files = (
			);
			runOnlyForDeploymentPostprocessing = 0;
		};
		0E88CBDC275A705600E899F5 /* Frameworks */ = {
			isa = PBXFrameworksBuildPhase;
			buildActionMask = 2147483647;
			files = (
			);
			runOnlyForDeploymentPostprocessing = 0;
		};
/* End PBXFrameworksBuildPhase section */

/* Begin PBXGroup section */
		0E88CBB6275A705100E899F5 = {
			isa = PBXGroup;
			children = (
				0E88CBC1275A705100E899F5 /* hotdog */,
				0E88CBD8275A705600E899F5 /* hotdogTests */,
				0E88CBE2275A705600E899F5 /* hotdogUITests */,
				0E88CBC0275A705100E899F5 /* Products */,
			);
			sourceTree = "<group>";
		};
		0E88CBC0275A705100E899F5 /* Products */ = {
			isa = PBXGroup;
			children = (
				0E88CBBF275A705100E899F5 /* hotdog.app */,
				0E88CBD5275A705600E899F5 /* hotdogTests.xctest */,
				0E88CBDF275A705600E899F5 /* hotdogUITests.xctest */,
			);
			name = Products;
			sourceTree = "<group>";
		};
		0E88CBC1275A705100E899F5 /* hotdog */ = {
			isa = PBXGroup;
			children = (
				0E88CBC2275A705100E899F5 /* AppDelegate.swift */,
				0E88CBC4275A705100E899F5 /* SceneDelegate.swift */,
				0E88CBC6275A705100E899F5 /* ViewController.swift */,
				0E88CBC8275A705100E899F5 /* Main.storyboard */,
				0E88CBCB275A705600E899F5 /* Assets.xcassets */,
				0E88CBCD275A705600E899F5 /* LaunchScreen.storyboard */,
				0E88CBD0275A705600E899F5 /* Info.plist */,
			);
			path = hotdog;
			sourceTree = "<group>";
		};
		0E88CBD8275A705600E899F5 /* hotdogTests */ = {
			isa = PBXGroup;
			children = (
				0E88CBD9275A705600E899F5 /* hotdogTests.swift */,
			);
			path = hotdogTests;
			sourceTree = "<group>";
		};
		0E88CBE2275A705600E899F5 /* hotdogUITests */ = {
			isa = PBXGroup;
			children = (
				0E88CBE3275A705600E899F5 /* hotdogUITests.swift */,
				0E88CBE5275A705600E899F5 /* hotdogUITestsLaunchTests.swift */,
			);
			path = hotdogUITests;
			sourceTree = "<group>";
		};
/* End PBXGroup section */

/* Begin PBXNativeTarget section */
		0E88CBBE275A705100E899F5 /* hotdog */ = {
			isa = PBXNativeTarget;
			buildConfigurationList = 0E88CBE9275A705600E899F5 /* Build configuration list for PBXNativeTarget "hotdog" */;
			buildPhases = (
				0E88CBBB275A705100E899F5 /* Sources */,
				0E88CBBC275A705100E899F5 /* Frameworks */,
				0E88CBBD275A705100E899F5 /* Resources */,
			);
			buildRules = (
			);
			dependencies = (
			);
			name = hotdog;
			productName = hotdog;
			productReference = 0E88CBBF275A705100E899F5 /* hotdog.app */;
			productType = "com.apple.product-type.application";
		};
		0E88CBD4275A705600E899F5 /* hotdogTests */ = {
			isa = PBXNativeTarget;
			buildConfigurationList = 0E88CBEC275A705600E899F5 /* Build configuration list for PBXNativeTarget "hotdogTests" */;
			buildPhases = (
				0E88CBD1275A705600E899F5 /* Sources */,
				0E88CBD2275A705600E899F5 /* Frameworks */,
				0E88CBD3275A705600E899F5 /* Resources */,
			);
			buildRules = (
			);
			dependencies = (
				0E88CBD7275A705600E899F5 /* PBXTargetDependency */,
			);
			name = hotdogTests;
			productName = hotdogTests;
			productReference = 0E88CBD5275A705600E899F5 /* hotdogTests.xctest */;
			productType = "com.apple.product-type.bundle.unit-test";
		};
		0E88CBDE275A705600E899F5 /* hotdogUITests */ = {
			isa = PBXNativeTarget;
			buildConfigurationList = 0E88CBEF275A705600E899F5 /* Build configuration list for PBXNativeTarget "hotdogUITests" */;
			buildPhases = (
				0E88CBDB275A705600E899F5 /* Sources */,
				0E88CBDC275A705600E899F5 /* Frameworks */,
				0E88CBDD275A705600E899F5 /* Resources */,
			);
			buildRules = (
			);
			dependencies = (
				0E88CBE1275A705600E899F5 /* PBXTargetDependency */,
			);
			name = hotdogUITests;
			productName = hotdogUITests;
			productReference = 0E88CBDF275A705600E899F5 /* hotdogUITests.xctest */;
			productType = "com.apple.product-type.bundle.ui-testing";
		};
/* End PBXNativeTarget section */

/* Begin PBXProject section */
		0E88CBB7275A705100E899F5 /* Project object */ = {
			isa = PBXProject;
			attributes = {
				BuildIndependentTargetsInParallel = 1;
				LastSwiftUpdateCheck = 1310;
				LastUpgradeCheck = 1310;
				TargetAttributes = {
					0E88CBBE275A705100E899F5 = {
						CreatedOnToolsVersion = 13.1;
					};
					0E88CBD4275A705600E899F5 = {
						CreatedOnToolsVersion = 13.1;
						TestTargetID = 0E88CBBE275A705100E899F5;
					};
					0E88CBDE275A705600E899F5 = {
						CreatedOnToolsVersion = 13.1;
						TestTargetID = 0E88CBBE275A705100E899F5;
					};
				};
			};
			buildConfigurationList = 0E88CBBA275A705100E899F5 /* Build configuration list for PBXProject "hotdog" */;
			compatibilityVersion = "Xcode 13.0";
			developmentRegion = en;
			hasScannedForEncodings = 0;
			knownRegions = (
				en,
				Base,
			);
			mainGroup = 0E88CBB6275A705100E899F5;
			productRefGroup = 0E88CBC0275A705100E899F5 /* Products */;
			projectDirPath = "";
			projectRoot = "";
			targets = (
				0E88CBBE275A705100E899F5 /* hotdog */,
				0E88CBD4275A705600E899F5 /* hotdogTests */,
				0E88CBDE275A705600E899F5 /* hotdogUITests */,
			);
		};
/* End PBXProject section */

/* Begin PBXResourcesBuildPhase section */
		0E88CBBD275A705100E899F5 /* Resources */ = {
			isa = PBXResourcesBuildPhase;
			buildActionMask = 2147483647;
			files = (
				0E88CBCF275A705600E899F5 /* LaunchScreen.storyboard in Resources */,
				0E88CBCC275A705600E899F5 /* Assets.xcassets in Resources */,
				0E88CBCA275A705100E899F5 /* Main.storyboard in Resources */,
			);
			runOnlyForDeploymentPostprocessing = 0;
		};
		0E88CBD3275A705600E899F5 /* Resources */ = {
			isa = PBXResourcesBuildPhase;
			buildActionMask = 2147483647;
			files = (
			);
			runOnlyForDeploymentPostprocessing = 0;
		};
		0E88CBDD275A705600E899F5 /* Resources */ = {
			isa = PBXResourcesBuildPhase;
			buildActionMask = 2147483647;
			files = (
			);
			runOnlyForDeploymentPostprocessing = 0;
		};
/* End PBXResourcesBuildPhase section */

/* Begin PBXSourcesBuildPhase section */
		0E88CBBB275A705100E899F5 /* Sources */ = {
			isa = PBXSourcesBuildPhase;
			buildActionMask = 2147483647;
			files = (
				0E88CBC7275A705100E899F5 /* ViewController.swift in Sources */,
				0E88CBC3275A705100E899F5 /* AppDelegate.swift in Sources */,
				0E88CBC5275A705100E899F5 /* SceneDelegate.swift in Sources */,
			);
			runOnlyForDeploymentPostprocessing = 0;
		};
		0E88CBD1275A705600E899F5 /* Sources */ = {
			isa = PBXSourcesBuildPhase;
			buildActionMask = 2147483647;
			files = (
				0E88CBDA275A705600E899F5 /* hotdogTests.swift in Sources */,
			);
			runOnlyForDeploymentPostprocessing = 0;
		};
		0E88CBDB275A705600E899F5 /* Sources */ = {
			isa = PBXSourcesBuildPhase;
			buildActionMask = 2147483647;
			files = (
				0E88CBE4275A705600E899F5 /* hotdogUITests.swift in Sources */,
				0E88CBE6275A705600E899F5 /* hotdogUITestsLaunchTests.swift in Sources */,
			);
			runOnlyForDeploymentPostprocessing = 0;
		};
/* End PBXSourcesBuildPhase section */

/* Begin PBXTargetDependency section */
		0E88CBD7275A705600E899F5 /* PBXTargetDependency */ = {
			isa = PBXTargetDependency;
			target = 0E88CBBE275A705100E899F5 /* hotdog */;
			targetProxy = 0E88CBD6275A705600E899F5 /* PBXContainerItemProxy */;
		};
		0E88CBE1275A705600E899F5 /* PBXTargetDependency */ = {
			isa = PBXTargetDependency;
			target = 0E88CBBE275A705100E899F5 /* hotdog */;
			targetProxy = 0E88CBE0275A705600E899F5 /* PBXContainerItemProxy */;
		};
/* End PBXTargetDependency section */

/* Begin PBXVariantGroup section */
		0E88CBC8275A705100E899F5 /* Main.storyboard */ = {
			isa = PBXVariantGroup;
			children = (
				0E88CBC9275A705100E899F5 /* Base */,
			);
			name = Main.storyboard;
			sourceTree = "<group>";
		};
		0E88CBCD275A705600E899F5 /* LaunchScreen.storyboard */ = {
			isa = PBXVariantGroup;
			children = (
				0E88CBCE275A705600E899F5 /* Base */,
			);
			name = LaunchScreen.storyboard;
			sourceTree = "<group>";
		};
/* End PBXVariantGroup section */

/* Begin XCBuildConfiguration section */
		0E88CBE7275A705600E899F5 /* Debug */ = {
			isa = XCBuildConfiguration;
			buildSettings = {
				ALWAYS_SEARCH_USER_PATHS = NO;
				CLANG_ANALYZER_NONNULL = YES;
				CLANG_ANALYZER_NUMBER_OBJECT_CONVERSION = YES_AGGRESSIVE;
				CLANG_CXX_LANGUAGE_STANDARD = "gnu++17";
				CLANG_CXX_LIBRARY = "libc++";
				CLANG_ENABLE_MODULES = YES;
				CLANG_ENABLE_OBJC_ARC = YES;
				CLANG_ENABLE_OBJC_WEAK = YES;
				CLANG_WARN_BLOCK_CAPTURE_AUTORELEASING = YES;
				CLANG_WARN_BOOL_CONVERSION = YES;
				CLANG_WARN_COMMA = YES;
				CLANG_WARN_CONSTANT_CONVERSION = YES;
				CLANG_WARN_DEPRECATED_OBJC_IMPLEMENTATIONS = YES;
				CLANG_WARN_DIRECT_OBJC_ISA_USAGE = YES_ERROR;
				CLANG_WARN_DOCUMENTATION_COMMENTS = YES;
				CLANG_WARN_EMPTY_BODY = YES;
				CLANG_WARN_ENUM_CONVERSION = YES;
				CLANG_WARN_INFINITE_RECURSION = YES;
				CLANG_WARN_INT_CONVERSION = YES;
				CLANG_WARN_NON_LITERAL_NULL_CONVERSION = YES;
				CLANG_WARN_OBJC_IMPLICIT_RETAIN_SELF = YES;
				CLANG_WARN_OBJC_LITERAL_CONVERSION = YES;
				CLANG_WARN_OBJC_ROOT_CLASS = YES_ERROR;
				CLANG_WARN_QUOTED_INCLUDE_IN_FRAMEWORK_HEADER = YES;
				CLANG_WARN_RANGE_LOOP_ANALYSIS = YES;
				CLANG_WARN_STRICT_PROTOTYPES = YES;
				CLANG_WARN_SUSPICIOUS_MOVE = YES;
				CLANG_WARN_UNGUARDED_AVAILABILITY = YES_AGGRESSIVE;
				CLANG_WARN_UNREACHABLE_CODE = YES;
				CLANG_WARN__DUPLICATE_METHOD_MATCH = YES;
				COPY_PHASE_STRIP = NO;
				DEBUG_INFORMATION_FORMAT = dwarf;
				ENABLE_STRICT_OBJC_MSGSEND = YES;
				ENABLE_TESTABILITY = YES;
				GCC_C_LANGUAGE_STANDARD = gnu11;
				GCC_DYNAMIC_NO_PIC = NO;
				GCC_NO_COMMON_BLOCKS = YES;
				GCC_OPTIMIZATION_LEVEL = 0;
				GCC_PREPROCESSOR_DEFINITIONS = (
					"DEBUG=1",
					"$(inherited)",
				);
				GCC_WARN_64_TO_32_BIT_CONVERSION = YES;
				GCC_WARN_ABOUT_RETURN_TYPE = YES_ERROR;
				GCC_WARN_UNDECLARED_SELECTOR = YES;
				GCC_WARN_UNINITIALIZED_AUTOS = YES_AGGRESSIVE;
				GCC_WARN_UNUSED_FUNCTION = YES;
				GCC_WARN_UNUSED_VARIABLE = YES;
				IPHONEOS_DEPLOYMENT_TARGET = 15.0;
				MTL_ENABLE_DEBUG_INFO = INCLUDE_SOURCE;
				MTL_FAST_MATH = YES;
				ONLY_ACTIVE_ARCH = YES;
				SDKROOT = iphoneos;
				SWIFT_ACTIVE_COMPILATION_CONDITIONS = DEBUG;
				SWIFT_OPTIMIZATION_LEVEL = "-Onone";
			};
			name = Debug;
		};
		0E88CBE8275A705600E899F5 /* Release */ = {
			isa = XCBuildConfiguration;
			buildSettings = {
				ALWAYS_SEARCH_USER_PATHS = NO;
				CLANG_ANALYZER_NONNULL = YES;
				CLANG_ANALYZER_NUMBER_OBJECT_CONVERSION = YES_AGGRESSIVE;
				CLANG_CXX_LANGUAGE_STANDARD = "gnu++17";
				CLANG_CXX_LIBRARY = "libc++";
				CLANG_ENABLE_MODULES = YES;
				CLANG_ENABLE_OBJC_ARC = YES;
				CLANG_ENABLE_OBJC_WEAK = YES;
				CLANG_WARN_BLOCK_CAPTURE_AUTORELEASING = YES;
				CLANG_WARN_BOOL_CONVERSION = YES;
				CLANG_WARN_COMMA = YES;
				CLANG_WARN_CONSTANT_CONVERSION = YES;
				CLANG_WARN_DEPRECATED_OBJC_IMPLEMENTATIONS = YES;
				CLANG_WARN_DIRECT_OBJC_ISA_USAGE = YES_ERROR;
				CLANG_WARN_DOCUMENTATION_COMMENTS = YES;
				CLANG_WARN_EMPTY_BODY = YES;
				CLANG_WARN_ENUM_CONVERSION = YES;
				CLANG_WARN_INFINITE_RECURSION = YES;
				CLANG_WARN_INT_CONVERSION = YES;
				CLANG_WARN_NON_LITERAL_NULL_CONVERSION = YES;
				CLANG_WARN_OBJC_IMPLICIT_RETAIN_SELF = YES;
				CLANG_WARN_OBJC_LITERAL_CONVERSION = YES;
				CLANG_WARN_OBJC_ROOT_CLASS = YES_ERROR;
				CLANG_WARN_QUOTED_INCLUDE_IN_FRAMEWORK_HEADER = YES;
				CLANG_WARN_RANGE_LOOP_ANALYSIS = YES;
				CLANG_WARN_STRICT_PROTOTYPES = YES;
				CLANG_WARN_SUSPICIOUS_MOVE = YES;
				CLANG_WARN_UNGUARDED_AVAILABILITY = YES_AGGRESSIVE;
				CLANG_WARN_UNREACHABLE_CODE = YES;
				CLANG_WARN__DUPLICATE_METHOD_MATCH = YES;
				COPY_PHASE_STRIP = NO;
				DEBUG_INFORMATION_FORMAT = "dwarf-with-dsym";
				ENABLE_NS_ASSERTIONS = NO;
				ENABLE_STRICT_OBJC_MSGSEND = YES;
				GCC_C_LANGUAGE_STANDARD = gnu11;
				GCC_NO_COMMON_BLOCKS = YES;
				GCC_WARN_64_TO_32_BIT_CONVERSION = YES;
				GCC_WARN_ABOUT_RETURN_TYPE = YES_ERROR;
				GCC_WARN_UNDECLARED_SELECTOR = YES;
				GCC_WARN_UNINITIALIZED_AUTOS = YES_AGGRESSIVE;
				GCC_WARN_UNUSED_FUNCTION = YES;
				GCC_WARN_UNUSED_VARIABLE = YES;
				IPHONEOS_DEPLOYMENT_TARGET = 15.0;
				MTL_ENABLE_DEBUG_INFO = NO;
				MTL_FAST_MATH = YES;
				SDKROOT = iphoneos;
				SWIFT_COMPILATION_MODE = wholemodule;
				SWIFT_OPTIMIZATION_LEVEL = "-O";
				VALIDATE_PRODUCT = YES;
			};
			name = Release;
		};
		0E88CBEA275A705600E899F5 /* Debug */ = {
			isa = XCBuildConfiguration;
			buildSettings = {
				ASSETCATALOG_COMPILER_APPICON_NAME = AppIcon;
				ASSETCATALOG_COMPILER_GLOBAL_ACCENT_COLOR_NAME = AccentColor;
				CODE_SIGN_STYLE = Automatic;
				CURRENT_PROJECT_VERSION = 1;
				DEVELOPMENT_TEAM = FL89WXC5T3;
				GENERATE_INFOPLIST_FILE = YES;
				INFOPLIST_FILE = hotdog/Info.plist;
				INFOPLIST_KEY_UIApplicationSupportsIndirectInputEvents = YES;
				INFOPLIST_KEY_UILaunchStoryboardName = LaunchScreen;
				INFOPLIST_KEY_UIMainStoryboardFile = Main;
				INFOPLIST_KEY_UISupportedInterfaceOrientations_iPad = "UIInterfaceOrientationPortrait UIInterfaceOrientationPortraitUpsideDown UIInterfaceOrientationLandscapeLeft UIInterfaceOrientationLandscapeRight";
				INFOPLIST_KEY_UISupportedInterfaceOrientations_iPhone = "UIInterfaceOrientationPortrait UIInterfaceOrientationLandscapeLeft UIInterfaceOrientationLandscapeRight";
				LD_RUNPATH_SEARCH_PATHS = (
					"$(inherited)",
					"@executable_path/Frameworks",
				);
				MARKETING_VERSION = 1.0;
				PRODUCT_BUNDLE_IDENTIFIER = IOSclass.hotdog;
				PRODUCT_NAME = "$(TARGET_NAME)";
				SWIFT_EMIT_LOC_STRINGS = YES;
				SWIFT_VERSION = 5.0;
				TARGETED_DEVICE_FAMILY = "1,2";
			};
			name = Debug;
		};
		0E88CBEB275A705600E899F5 /* Release */ = {
			isa = XCBuildConfiguration;
			buildSettings = {
				ASSETCATALOG_COMPILER_APPICON_NAME = AppIcon;
				ASSETCATALOG_COMPILER_GLOBAL_ACCENT_COLOR_NAME = AccentColor;
				CODE_SIGN_STYLE = Automatic;
				CURRENT_PROJECT_VERSION = 1;
				DEVELOPMENT_TEAM = FL89WXC5T3;
				GENERATE_INFOPLIST_FILE = YES;
				INFOPLIST_FILE = hotdog/Info.plist;
				INFOPLIST_KEY_UIApplicationSupportsIndirectInputEvents = YES;
				INFOPLIST_KEY_UILaunchStoryboardName = LaunchScreen;
				INFOPLIST_KEY_UIMainStoryboardFile = Main;
				INFOPLIST_KEY_UISupportedInterfaceOrientations_iPad = "UIInterfaceOrientationPortrait UIInterfaceOrientationPortraitUpsideDown UIInterfaceOrientationLandscapeLeft UIInterfaceOrientationLandscapeRight";
				INFOPLIST_KEY_UISupportedInterfaceOrientations_iPhone = "UIInterfaceOrientationPortrait UIInterfaceOrientationLandscapeLeft UIInterfaceOrientationLandscapeRight";
				LD_RUNPATH_SEARCH_PATHS = (
					"$(inherited)",
					"@executable_path/Frameworks",
				);
				MARKETING_VERSION = 1.0;
				PRODUCT_BUNDLE_IDENTIFIER = IOSclass.hotdog;
				PRODUCT_NAME = "$(TARGET_NAME)";
				SWIFT_EMIT_LOC_STRINGS = YES;
				SWIFT_VERSION = 5.0;
				TARGETED_DEVICE_FAMILY = "1,2";
			};
			name = Release;
		};
		0E88CBED275A705600E899F5 /* Debug */ = {
			isa = XCBuildConfiguration;
			buildSettings = {
				ALWAYS_EMBED_SWIFT_STANDARD_LIBRARIES = YES;
				BUNDLE_LOADER = "$(TEST_HOST)";
				CODE_SIGN_STYLE = Automatic;
				CURRENT_PROJECT_VERSION = 1;
				DEVELOPMENT_TEAM = FL89WXC5T3;
				GENERATE_INFOPLIST_FILE = YES;
				IPHONEOS_DEPLOYMENT_TARGET = 15.0;
				LD_RUNPATH_SEARCH_PATHS = (
					"$(inherited)",
					"@executable_path/Frameworks",
					"@loader_path/Frameworks",
				);
				MARKETING_VERSION = 1.0;
				PRODUCT_BUNDLE_IDENTIFIER = IOSclass.hotdogTests;
				PRODUCT_NAME = "$(TARGET_NAME)";
				SWIFT_EMIT_LOC_STRINGS = NO;
				SWIFT_VERSION = 5.0;
				TARGETED_DEVICE_FAMILY = "1,2";
				TEST_HOST = "$(BUILT_PRODUCTS_DIR)/hotdog.app/hotdog";
			};
			name = Debug;
		};
		0E88CBEE275A705600E899F5 /* Release */ = {
			isa = XCBuildConfiguration;
			buildSettings = {
				ALWAYS_EMBED_SWIFT_STANDARD_LIBRARIES = YES;
				BUNDLE_LOADER = "$(TEST_HOST)";
				CODE_SIGN_STYLE = Automatic;
				CURRENT_PROJECT_VERSION = 1;
				DEVELOPMENT_TEAM = FL89WXC5T3;
				GENERATE_INFOPLIST_FILE = YES;
				IPHONEOS_DEPLOYMENT_TARGET = 15.0;
				LD_RUNPATH_SEARCH_PATHS = (
					"$(inherited)",
					"@executable_path/Frameworks",
					"@loader_path/Frameworks",
				);
				MARKETING_VERSION = 1.0;
				PRODUCT_BUNDLE_IDENTIFIER = IOSclass.hotdogTests;
				PRODUCT_NAME = "$(TARGET_NAME)";
				SWIFT_EMIT_LOC_STRINGS = NO;
				SWIFT_VERSION = 5.0;
				TARGETED_DEVICE_FAMILY = "1,2";
				TEST_HOST = "$(BUILT_PRODUCTS_DIR)/hotdog.app/hotdog";
			};
			name = Release;
		};
		0E88CBF0275A705600E899F5 /* Debug */ = {
			isa = XCBuildConfiguration;
			buildSettings = {
				ALWAYS_EMBED_SWIFT_STANDARD_LIBRARIES = YES;
				CODE_SIGN_STYLE = Automatic;
				CURRENT_PROJECT_VERSION = 1;
				DEVELOPMENT_TEAM = FL89WXC5T3;
				GENERATE_INFOPLIST_FILE = YES;
				LD_RUNPATH_SEARCH_PATHS = (
					"$(inherited)",
					"@executable_path/Frameworks",
					"@loader_path/Frameworks",
				);
				MARKETING_VERSION = 1.0;
				PRODUCT_BUNDLE_IDENTIFIER = IOSclass.hotdogUITests;
				PRODUCT_NAME = "$(TARGET_NAME)";
				SWIFT_EMIT_LOC_STRINGS = NO;
				SWIFT_VERSION = 5.0;
				TARGETED_DEVICE_FAMILY = "1,2";
				TEST_TARGET_NAME = hotdog;
			};
			name = Debug;
		};
		0E88CBF1275A705600E899F5 /* Release */ = {
			isa = XCBuildConfiguration;
			buildSettings = {
				ALWAYS_EMBED_SWIFT_STANDARD_LIBRARIES = YES;
				CODE_SIGN_STYLE = Automatic;
				CURRENT_PROJECT_VERSION = 1;
				DEVELOPMENT_TEAM = FL89WXC5T3;
				GENERATE_INFOPLIST_FILE = YES;
				LD_RUNPATH_SEARCH_PATHS = (
					"$(inherited)",
					"@executable_path/Frameworks",
					"@loader_path/Frameworks",
				);
				MARKETING_VERSION = 1.0;
				PRODUCT_BUNDLE_IDENTIFIER = IOSclass.hotdogUITests;
				PRODUCT_NAME = "$(TARGET_NAME)";
				SWIFT_EMIT_LOC_STRINGS = NO;
				SWIFT_VERSION = 5.0;
				TARGETED_DEVICE_FAMILY = "1,2";
				TEST_TARGET_NAME = hotdog;
			};
			name = Release;
		};
/* End XCBuildConfiguration section */

/* Begin XCConfigurationList section */
		0E88CBBA275A705100E899F5 /* Build configuration list for PBXProject "hotdog" */ = {
			isa = XCConfigurationList;
			buildConfigurations = (
				0E88CBE7275A705600E899F5 /* Debug */,
				0E88CBE8275A705600E899F5 /* Release */,
			);
			defaultConfigurationIsVisible = 0;
			defaultConfigurationName = Release;
		};
		0E88CBE9275A705600E899F5 /* Build configuration list for PBXNativeTarget "hotdog" */ = {
			isa = XCConfigurationList;
			buildConfigurations = (
				0E88CBEA275A705600E899F5 /* Debug */,
				0E88CBEB275A705600E899F5 /* Release */,
			);
			defaultConfigurationIsVisible = 0;
			defaultConfigurationName = Release;
		};
		0E88CBEC275A705600E899F5 /* Build configuration list for PBXNativeTarget "hotdogTests" */ = {
			isa = XCConfigurationList;
			buildConfigurations = (
				0E88CBED275A705600E899F5 /* Debug */,
				0E88CBEE275A705600E899F5 /* Release */,
			);
			defaultConfigurationIsVisible = 0;
			defaultConfigurationName = Release;
		};
		0E88CBEF275A705600E899F5 /* Build configuration list for PBXNativeTarget "hotdogUITests" */ = {
			isa = XCConfigurationList;
			buildConfigurations = (
				0E88CBF0275A705600E899F5 /* Debug */,
				0E88CBF1275A705600E899F5 /* Release */,
			);
			defaultConfigurationIsVisible = 0;
			defaultConfigurationName = Release;
		};
/* End XCConfigurationList section */
	};
	rootObject = 0E88CBB7275A705100E899F5 /* Project object */;
}
